// !$*UTF8*$!
{
	archiveVersion = 1;
	classes = {
	};
	objectVersion = 46;
	objects = {

/* Begin PBXBuildFile section */
		C5B0A7381D6D82A40091E2E9 /* main.m in Sources */ = {isa = PBXBuildFile; fileRef = C5B0A7371D6D82A40091E2E9 /* main.m */; };
		C5B0A73B1D6D82A40091E2E9 /* AppDelegate.m in Sources */ = {isa = PBXBuildFile; fileRef = C5B0A73A1D6D82A40091E2E9 /* AppDelegate.m */; };
		C5B0A73E1D6D82A40091E2E9 /* ViewController.m in Sources */ = {isa = PBXBuildFile; fileRef = C5B0A73D1D6D82A40091E2E9 /* ViewController.m */; };
		C5B0A7411D6D82A40091E2E9 /* Main.storyboard in Resources */ = {isa = PBXBuildFile; fileRef = C5B0A73F1D6D82A40091E2E9 /* Main.storyboard */; };
		C5B0A7431D6D82A40091E2E9 /* Assets.xcassets in Resources */ = {isa = PBXBuildFile; fileRef = C5B0A7421D6D82A40091E2E9 /* Assets.xcassets */; };
		C5B0A7461D6D82A40091E2E9 /* LaunchScreen.storyboard in Resources */ = {isa = PBXBuildFile; fileRef = C5B0A7441D6D82A40091E2E9 /* LaunchScreen.storyboard */; };
		C5B0A7511D6D82A40091E2E9 /* RACBaseServiceDemoUITests.m in Sources */ = {isa = PBXBuildFile; fileRef = C5B0A7501D6D82A40091E2E9 /* RACBaseServiceDemoUITests.m */; };
/* End PBXBuildFile section */

/* Begin PBXContainerItemProxy section */
		C5B0A74D1D6D82A40091E2E9 /* PBXContainerItemProxy */ = {
			isa = PBXContainerItemProxy;
			containerPortal = C5B0A72B1D6D82A40091E2E9 /* Project object */;
			proxyType = 1;
			remoteGlobalIDString = C5B0A7321D6D82A40091E2E9;
			remoteInfo = RACBaseServiceDemo;
		};
/* End PBXContainerItemProxy section */

/* Begin PBXFileReference section */
		C5B0A7331D6D82A40091E2E9 /* RACBaseServiceDemo.app */ = {isa = PBXFileReference; explicitFileType = wrapper.application; includeInIndex = 0; path = RACBaseServiceDemo.app; sourceTree = BUILT_PRODUCTS_DIR; };
		C5B0A7371D6D82A40091E2E9 /* main.m */ = {isa = PBXFileReference; lastKnownFileType = sourcecode.c.objc; path = main.m; sourceTree = "<group>"; };
		C5B0A7391D6D82A40091E2E9 /* AppDelegate.h */ = {isa = PBXFileReference; lastKnownFileType = sourcecode.c.h; path = AppDelegate.h; sourceTree = "<group>"; };
		C5B0A73A1D6D82A40091E2E9 /* AppDelegate.m */ = {isa = PBXFileReference; lastKnownFileType = sourcecode.c.objc; path = AppDelegate.m; sourceTree = "<group>"; };
		C5B0A73C1D6D82A40091E2E9 /* ViewController.h */ = {isa = PBXFileReference; lastKnownFileType = sourcecode.c.h; path = ViewController.h; sourceTree = "<group>"; };
		C5B0A73D1D6D82A40091E2E9 /* ViewController.m */ = {isa = PBXFileReference; lastKnownFileType = sourcecode.c.objc; path = ViewController.m; sourceTree = "<group>"; };
		C5B0A7401D6D82A40091E2E9 /* Base */ = {isa = PBXFileReference; lastKnownFileType = file.storyboard; name = Base; path = Base.lproj/Main.storyboard; sourceTree = "<group>"; };
		C5B0A7421D6D82A40091E2E9 /* Assets.xcassets */ = {isa = PBXFileReference; lastKnownFileType = folder.assetcatalog; path = Assets.xcassets; sourceTree = "<group>"; };
		C5B0A7451D6D82A40091E2E9 /* Base */ = {isa = PBXFileReference; lastKnownFileType = file.storyboard; name = Base; path = Base.lproj/LaunchScreen.storyboard; sourceTree = "<group>"; };
		C5B0A7471D6D82A40091E2E9 /* Info.plist */ = {isa = PBXFileReference; lastKnownFileType = text.plist.xml; path = Info.plist; sourceTree = "<group>"; };
		C5B0A74C1D6D82A40091E2E9 /* RACBaseServiceDemoUITests.xctest */ = {isa = PBXFileReference; explicitFileType = wrapper.cfbundle; includeInIndex = 0; path = RACBaseServiceDemoUITests.xctest; sourceTree = BUILT_PRODUCTS_DIR; };
		C5B0A7501D6D82A40091E2E9 /* RACBaseServiceDemoUITests.m */ = {isa = PBXFileReference; lastKnownFileType = sourcecode.c.objc; path = RACBaseServiceDemoUITests.m; sourceTree = "<group>"; };
		C5B0A7521D6D82A40091E2E9 /* Info.plist */ = {isa = PBXFileReference; lastKnownFileType = text.plist.xml; path = Info.plist; sourceTree = "<group>"; };
/* End PBXFileReference section */

/* Begin PBXFrameworksBuildPhase section */
		C5B0A7301D6D82A40091E2E9 /* Frameworks */ = {
			isa = PBXFrameworksBuildPhase;
			buildActionMask = 2147483647;
			files = (
			);
			runOnlyForDeploymentPostprocessing = 0;
		};
		C5B0A7491D6D82A40091E2E9 /* Frameworks */ = {
			isa = PBXFrameworksBuildPhase;
			buildActionMask = 2147483647;
			files = (
			);
			runOnlyForDeploymentPostprocessing = 0;
		};
/* End PBXFrameworksBuildPhase section */

/* Begin PBXGroup section */
		C5B0A72A1D6D82A40091E2E9 = {
			isa = PBXGroup;
			children = (
				C5B0A7351D6D82A40091E2E9 /* RACBaseServiceDemo */,
				C5B0A74F1D6D82A40091E2E9 /* RACBaseServiceDemoUITests */,
				C5B0A7341D6D82A40091E2E9 /* Products */,
			);
			sourceTree = "<group>";
		};
		C5B0A7341D6D82A40091E2E9 /* Products */ = {
			isa = PBXGroup;
			children = (
				C5B0A7331D6D82A40091E2E9 /* RACBaseServiceDemo.app */,
				C5B0A74C1D6D82A40091E2E9 /* RACBaseServiceDemoUITests.xctest */,
			);
			name = Products;
			sourceTree = "<group>";
		};
		C5B0A7351D6D82A40091E2E9 /* RACBaseServiceDemo */ = {
			isa = PBXGroup;
			children = (
				C5B0A7391D6D82A40091E2E9 /* AppDelegate.h */,
				C5B0A73A1D6D82A40091E2E9 /* AppDelegate.m */,
				C5B0A73C1D6D82A40091E2E9 /* ViewController.h */,
				C5B0A73D1D6D82A40091E2E9 /* ViewController.m */,
				C5B0A73F1D6D82A40091E2E9 /* Main.storyboard */,
				C5B0A7421D6D82A40091E2E9 /* Assets.xcassets */,
				C5B0A7441D6D82A40091E2E9 /* LaunchScreen.storyboard */,
				C5B0A7471D6D82A40091E2E9 /* Info.plist */,
				C5B0A7361D6D82A40091E2E9 /* Supporting Files */,
			);
			path = RACBaseServiceDemo;
			sourceTree = "<group>";
		};
		C5B0A7361D6D82A40091E2E9 /* Supporting Files */ = {
			isa = PBXGroup;
			children = (
				C5B0A7371D6D82A40091E2E9 /* main.m */,
			);
			name = "Supporting Files";
			sourceTree = "<group>";
		};
		C5B0A74F1D6D82A40091E2E9 /* RACBaseServiceDemoUITests */ = {
			isa = PBXGroup;
			children = (
				C5B0A7501D6D82A40091E2E9 /* RACBaseServiceDemoUITests.m */,
				C5B0A7521D6D82A40091E2E9 /* Info.plist */,
			);
			path = RACBaseServiceDemoUITests;
			sourceTree = "<group>";
		};
/* End PBXGroup section */

/* Begin PBXNativeTarget section */
		C5B0A7321D6D82A40091E2E9 /* RACBaseServiceDemo */ = {
			isa = PBXNativeTarget;
			buildConfigurationList = C5B0A7551D6D82A40091E2E9 /* Build configuration list for PBXNativeTarget "RACBaseServiceDemo" */;
			buildPhases = (
				C5B0A72F1D6D82A40091E2E9 /* Sources */,
				C5B0A7301D6D82A40091E2E9 /* Frameworks */,
				C5B0A7311D6D82A40091E2E9 /* Resources */,
			);
			buildRules = (
			);
			dependencies = (
			);
			name = RACBaseServiceDemo;
			productName = RACBaseServiceDemo;
			productReference = C5B0A7331D6D82A40091E2E9 /* RACBaseServiceDemo.app */;
			productType = "com.apple.product-type.application";
		};
		C5B0A74B1D6D82A40091E2E9 /* RACBaseServiceDemoUITests */ = {
			isa = PBXNativeTarget;
			buildConfigurationList = C5B0A7581D6D82A40091E2E9 /* Build configuration list for PBXNativeTarget "RACBaseServiceDemoUITests" */;
			buildPhases = (
				C5B0A7481D6D82A40091E2E9 /* Sources */,
				C5B0A7491D6D82A40091E2E9 /* Frameworks */,
				C5B0A74A1D6D82A40091E2E9 /* Resources */,
			);
			buildRules = (
			);
			dependencies = (
				C5B0A74E1D6D82A40091E2E9 /* PBXTargetDependency */,
			);
			name = RACBaseServiceDemoUITests;
			productName = RACBaseServiceDemoUITests;
			productReference = C5B0A74C1D6D82A40091E2E9 /* RACBaseServiceDemoUITests.xctest */;
			productType = "com.apple.product-type.bundle.ui-testing";
		};
/* End PBXNativeTarget section */

/* Begin PBXProject section */
		C5B0A72B1D6D82A40091E2E9 /* Project object */ = {
			isa = PBXProject;
			attributes = {
				LastUpgradeCheck = 0730;
				ORGANIZATIONNAME = "Marke Jave";
				TargetAttributes = {
					C5B0A7321D6D82A40091E2E9 = {
						CreatedOnToolsVersion = 7.3.1;
					};
					C5B0A74B1D6D82A40091E2E9 = {
						CreatedOnToolsVersion = 7.3.1;
						TestTargetID = C5B0A7321D6D82A40091E2E9;
					};
				};
			};
			buildConfigurationList = C5B0A72E1D6D82A40091E2E9 /* Build configuration list for PBXProject "RACBaseServiceDemo" */;
			compatibilityVersion = "Xcode 3.2";
			developmentRegion = English;
			hasScannedForEncodings = 0;
			knownRegions = (
				en,
				Base,
			);
			mainGroup = C5B0A72A1D6D82A40091E2E9;
			productRefGroup = C5B0A7341D6D82A40091E2E9 /* Products */;
			projectDirPath = "";
			projectRoot = "";
			targets = (
				C5B0A7321D6D82A40091E2E9 /* RACBaseServiceDemo */,
				C5B0A74B1D6D82A40091E2E9 /* RACBaseServiceDemoUITests */,
			);
		};
/* End PBXProject section */

/* Begin PBXResourcesBuildPhase section */
		C5B0A7311D6D82A40091E2E9 /* Resources */ = {
			isa = PBXResourcesBuildPhase;
			buildActionMask = 2147483647;
			files = (
				C5B0A7461D6D82A40091E2E9 /* LaunchScreen.storyboard in Resources */,
				C5B0A7431D6D82A40091E2E9 /* Assets.xcassets in Resources */,
				C5B0A7411D6D82A40091E2E9 /* Main.storyboard in Resources */,
			);
			runOnlyForDeploymentPostprocessing = 0;
		};
		C5B0A74A1D6D82A40091E2E9 /* Resources */ = {
			isa = PBXResourcesBuildPhase;
			buildActionMask = 2147483647;
			files = (
			);
			runOnlyForDeploymentPostprocessing = 0;
		};
/* End PBXResourcesBuildPhase section */

/* Begin PBXSourcesBuildPhase section */
		C5B0A72F1D6D82A40091E2E9 /* Sources */ = {
			isa = PBXSourcesBuildPhase;
			buildActionMask = 2147483647;
			files = (
				C5B0A73E1D6D82A40091E2E9 /* ViewController.m in Sources */,
				C5B0A73B1D6D82A40091E2E9 /* AppDelegate.m in Sources */,
				C5B0A7381D6D82A40091E2E9 /* main.m in Sources */,
			);
			runOnlyForDeploymentPostprocessing = 0;
		};
		C5B0A7481D6D82A40091E2E9 /* Sources */ = {
			isa = PBXSourcesBuildPhase;
			buildActionMask = 2147483647;
			files = (
				C5B0A7511D6D82A40091E2E9 /* RACBaseServiceDemoUITests.m in Sources */,
			);
			runOnlyForDeploymentPostprocessing = 0;
		};
/* End PBXSourcesBuildPhase section */

/* Begin PBXTargetDependency section */
		C5B0A74E1D6D82A40091E2E9 /* PBXTargetDependency */ = {
			isa = PBXTargetDependency;
			target = C5B0A7321D6D82A40091E2E9 /* RACBaseServiceDemo */;
			targetProxy = C5B0A74D1D6D82A40091E2E9 /* PBXContainerItemProxy */;
		};
/* End PBXTargetDependency section */

/* Begin PBXVariantGroup section */
		C5B0A73F1D6D82A40091E2E9 /* Main.storyboard */ = {
			isa = PBXVariantGroup;
			children = (
				C5B0A7401D6D82A40091E2E9 /* Base */,
			);
			name = Main.storyboard;
			sourceTree = "<group>";
		};
		C5B0A7441D6D82A40091E2E9 /* LaunchScreen.storyboard */ = {
			isa = PBXVariantGroup;
			children = (
				C5B0A7451D6D82A40091E2E9 /* Base */,
			);
			name = LaunchScreen.storyboard;
			sourceTree = "<group>";
		};
/* End PBXVariantGroup section */

/* Begin XCBuildConfiguration section */
		C5B0A7531D6D82A40091E2E9 /* Debug */ = {
			isa = XCBuildConfiguration;
			buildSettings = {
				ALWAYS_SEARCH_USER_PATHS = NO;
				CLANG_ANALYZER_NONNULL = YES;
				CLANG_CXX_LANGUAGE_STANDARD = "gnu++0x";
				CLANG_CXX_LIBRARY = "libc++";
				CLANG_ENABLE_MODULES = YES;
				CLANG_ENABLE_OBJC_ARC = YES;
				CLANG_WARN_BOOL_CONVERSION = YES;
				CLANG_WARN_CONSTANT_CONVERSION = YES;
				CLANG_WARN_DIRECT_OBJC_ISA_USAGE = YES_ERROR;
				CLANG_WARN_EMPTY_BODY = YES;
				CLANG_WARN_ENUM_CONVERSION = YES;
				CLANG_WARN_INT_CONVERSION = YES;
				CLANG_WARN_OBJC_ROOT_CLASS = YES_ERROR;
				CLANG_WARN_UNREACHABLE_CODE = YES;
				CLANG_WARN__DUPLICATE_METHOD_MATCH = YES;
				"CODE_SIGN_IDENTITY[sdk=iphoneos*]" = "iPhone Developer";
				COPY_PHASE_STRIP = NO;
				DEBUG_INFORMATION_FORMAT = dwarf;
				ENABLE_STRICT_OBJC_MSGSEND = YES;
				ENABLE_TESTABILITY = YES;
				GCC_C_LANGUAGE_STANDARD = gnu99;
				GCC_DYNAMIC_NO_PIC = NO;
				GCC_NO_COMMON_BLOCKS = YES;
				GCC_OPTIMIZATION_LEVEL = 0;
				GCC_PREPROCESSOR_DEFINITIONS = (
					"DEBUG=1",
					"$(inherited)",
				);
				GCC_WARN_64_TO_32_BIT_CONVERSION = YES;
				GCC_WARN_ABOUT_RETURN_TYPE = YES_ERROR;
				GCC_WARN_UNDECLARED_SELECTOR = YES;
				GCC_WARN_UNINITIALIZED_AUTOS = YES_AGGRESSIVE;
				GCC_WARN_UNUSED_FUNCTION = YES;
				GCC_WARN_UNUSED_VARIABLE = YES;
				IPHONEOS_DEPLOYMENT_TARGET = 9.3;
				MTL_ENABLE_DEBUG_INFO = YES;
				ONLY_ACTIVE_ARCH = YES;
				SDKROOT = iphoneos;
				TARGETED_DEVICE_FAMILY = "1,2";
			};
			name = Debug;
		};
		C5B0A7541D6D82A40091E2E9 /* Release */ = {
			isa = XCBuildConfiguration;
			buildSettings = {
				ALWAYS_SEARCH_USER_PATHS = NO;
				CLANG_ANALYZER_NONNULL = YES;
				CLANG_CXX_LANGUAGE_STANDARD = "gnu++0x";
				CLANG_CXX_LIBRARY = "libc++";
				CLANG_ENABLE_MODULES = YES;
				CLANG_ENABLE_OBJC_ARC = YES;
				CLANG_WARN_BOOL_CONVERSION = YES;
				CLANG_WARN_CONSTANT_CONVERSION = YES;
				CLANG_WARN_DIRECT_OBJC_ISA_USAGE = YES_ERROR;
				CLANG_WARN_EMPTY_BODY = YES;
				CLANG_WARN_ENUM_CONVERSION = YES;
				CLANG_WARN_INT_CONVERSION = YES;
				CLANG_WARN_OBJC_ROOT_CLASS = YES_ERROR;
				CLANG_WARN_UNREACHABLE_CODE = YES;
				CLANG_WARN__DUPLICATE_METHOD_MATCH = YES;
				"CODE_SIGN_IDENTITY[sdk=iphoneos*]" = "iPhone Developer";
				COPY_PHASE_STRIP = NO;
				DEBUG_INFORMATION_FORMAT = "dwarf-with-dsym";
				ENABLE_NS_ASSERTIONS = NO;
				ENABLE_STRICT_OBJC_MSGSEND = YES;
				GCC_C_LANGUAGE_STANDARD = gnu99;
				GCC_NO_COMMON_BLOCKS = YES;
				GCC_WARN_64_TO_32_BIT_CONVERSION = YES;
				GCC_WARN_ABOUT_RETURN_TYPE = YES_ERROR;
				GCC_WARN_UNDECLARED_SELECTOR = YES;
				GCC_WARN_UNINITIALIZED_AUTOS = YES_AGGRESSIVE;
				GCC_WARN_UNUSED_FUNCTION = YES;
				GCC_WARN_UNUSED_VARIABLE = YES;
				IPHONEOS_DEPLOYMENT_TARGET = 9.3;
				MTL_ENABLE_DEBUG_INFO = NO;
				SDKROOT = iphoneos;
				TARGETED_DEVICE_FAMILY = "1,2";
				VALIDATE_PRODUCT = YES;
			};
			name = Release;
		};
		C5B0A7561D6D82A40091E2E9 /* Debug */ = {
			isa = XCBuildConfiguration;
			buildSettings = {
				ASSETCATALOG_COMPILER_APPICON_NAME = AppIcon;
				INFOPLIST_FILE = RACBaseServiceDemo/Info.plist;
				LD_RUNPATH_SEARCH_PATHS = "$(inherited) @executable_path/Frameworks";
				PRODUCT_BUNDLE_IDENTIFIER = com.markejave.RACBaseServiceDemo;
				PRODUCT_NAME = "$(TARGET_NAME)";
			};
			name = Debug;
		};
		C5B0A7571D6D82A40091E2E9 /* Release */ = {
			isa = XCBuildConfiguration;
			buildSettings = {
				ASSETCATALOG_COMPILER_APPICON_NAME = AppIcon;
				INFOPLIST_FILE = RACBaseServiceDemo/Info.plist;
				LD_RUNPATH_SEARCH_PATHS = "$(inherited) @executable_path/Frameworks";
				PRODUCT_BUNDLE_IDENTIFIER = com.markejave.RACBaseServiceDemo;
				PRODUCT_NAME = "$(TARGET_NAME)";
			};
			name = Release;
		};
		C5B0A7591D6D82A40091E2E9 /* Debug */ = {
			isa = XCBuildConfiguration;
			buildSettings = {
				INFOPLIST_FILE = RACBaseServiceDemoUITests/Info.plist;
				LD_RUNPATH_SEARCH_PATHS = "$(inherited) @executable_path/Frameworks @loader_path/Frameworks";
				PRODUCT_BUNDLE_IDENTIFIER = com.markejave.RACBaseServiceDemoUITests;
				PRODUCT_NAME = "$(TARGET_NAME)";
				TEST_TARGET_NAME = RACBaseServiceDemo;
			};
			name = Debug;
		};
		C5B0A75A1D6D82A40091E2E9 /* Release */ = {
			isa = XCBuildConfiguration;
			buildSettings = {
				INFOPLIST_FILE = RACBaseServiceDemoUITests/Info.plist;
				LD_RUNPATH_SEARCH_PATHS = "$(inherited) @executable_path/Frameworks @loader_path/Frameworks";
				PRODUCT_BUNDLE_IDENTIFIER = com.markejave.RACBaseServiceDemoUITests;
				PRODUCT_NAME = "$(TARGET_NAME)";
				TEST_TARGET_NAME = RACBaseServiceDemo;
			};
			name = Release;
		};
/* End XCBuildConfiguration section */

/* Begin XCConfigurationList section */
		C5B0A72E1D6D82A40091E2E9 /* Build configuration list for PBXProject "RACBaseServiceDemo" */ = {
			isa = XCConfigurationList;
			buildConfigurations = (
				C5B0A7531D6D82A40091E2E9 /* Debug */,
				C5B0A7541D6D82A40091E2E9 /* Release */,
			);
			defaultConfigurationIsVisible = 0;
			defaultConfigurationName = Release;
		};
		C5B0A7551D6D82A40091E2E9 /* Build configuration list for PBXNativeTarget "RACBaseServiceDemo" */ = {
			isa = XCConfigurationList;
			buildConfigurations = (
				C5B0A7561D6D82A40091E2E9 /* Debug */,
				C5B0A7571D6D82A40091E2E9 /* Release */,
			);
			defaultConfigurationIsVisible = 0;
		};
		C5B0A7581D6D82A40091E2E9 /* Build configuration list for PBXNativeTarget "RACBaseServiceDemoUITests" */ = {
			isa = XCConfigurationList;
			buildConfigurations = (
				C5B0A7591D6D82A40091E2E9 /* Debug */,
				C5B0A75A1D6D82A40091E2E9 /* Release */,
			);
			defaultConfigurationIsVisible = 0;
		};
/* End XCConfigurationList section */
	};
	rootObject = C5B0A72B1D6D82A40091E2E9 /* Project object */;
}
